// !$*UTF8*$!
{
	archiveVersion = 1;
	classes = {
	};
	objectVersion = 56;
	objects = {

/* Begin PBXBuildFile section */
		7E7C0F4A29DFAC6E00D60321 /* FirebaseAnalytics in Frameworks */ = {isa = PBXBuildFile; productRef = 7E7C0F4929DFAC6E00D60321 /* FirebaseAnalytics */; };
		7E7C0F4C29DFAC6E00D60321 /* FirebaseAuth in Frameworks */ = {isa = PBXBuildFile; productRef = 7E7C0F4B29DFAC6E00D60321 /* FirebaseAuth */; };
		7E7C0F4E29DFAC6E00D60321 /* FirebaseDatabase in Frameworks */ = {isa = PBXBuildFile; productRef = 7E7C0F4D29DFAC6E00D60321 /* FirebaseDatabase */; };
		7E7C0F5029DFAC6E00D60321 /* FirebaseFirestore in Frameworks */ = {isa = PBXBuildFile; productRef = 7E7C0F4F29DFAC6E00D60321 /* FirebaseFirestore */; };
		7E7C0F5229DFAC6E00D60321 /* FirebaseStorage in Frameworks */ = {isa = PBXBuildFile; productRef = 7E7C0F5129DFAC6E00D60321 /* FirebaseStorage */; };
		7E7C0F5529DFAD5100D60321 /* Nuke in Frameworks */ = {isa = PBXBuildFile; productRef = 7E7C0F5429DFAD5100D60321 /* Nuke */; };
		7E7C0F5729DFD29E00D60321 /* ExploreTableViewCell.swift in Sources */ = {isa = PBXBuildFile; fileRef = 7E7C0F5629DFD29E00D60321 /* ExploreTableViewCell.swift */; };
		EA346B4629E0D10500C65C25 /* GoogleService-Info.plist in Resources */ = {isa = PBXBuildFile; fileRef = EA346B4529E0D10500C65C25 /* GoogleService-Info.plist */; };
		EA578B1529D5F64400FDC83C /* ProfileViewController.swift in Sources */ = {isa = PBXBuildFile; fileRef = EA578B1429D5F64400FDC83C /* ProfileViewController.swift */; };
		EA578B1829D5FA3000FDC83C /* ExploreTableViewController.swift in Sources */ = {isa = PBXBuildFile; fileRef = EA578B1729D5FA3000FDC83C /* ExploreTableViewController.swift */; };
		EA678B4329DF2FAE008F1336 /* FriendViewController.swift in Sources */ = {isa = PBXBuildFile; fileRef = EA678B4229DF2FAE008F1336 /* FriendViewController.swift */; };
		EA7AB09A29CE96D300B92216 /* CollageTableViewCell.swift in Sources */ = {isa = PBXBuildFile; fileRef = EA7AB09929CE96D300B92216 /* CollageTableViewCell.swift */; };
		EA7AB09C29CE9B5A00B92216 /* CollageTableViewController.swift in Sources */ = {isa = PBXBuildFile; fileRef = EA7AB09B29CE9B5A00B92216 /* CollageTableViewController.swift */; };
		EA7AB09E29CE9C8E00B92216 /* Collage.swift in Sources */ = {isa = PBXBuildFile; fileRef = EA7AB09D29CE9C8E00B92216 /* Collage.swift */; };
		EA8590B629B6A97A002BA6C2 /* AppDelegate.swift in Sources */ = {isa = PBXBuildFile; fileRef = EA8590B529B6A97A002BA6C2 /* AppDelegate.swift */; };
		EA8590B829B6A97A002BA6C2 /* SceneDelegate.swift in Sources */ = {isa = PBXBuildFile; fileRef = EA8590B729B6A97A002BA6C2 /* SceneDelegate.swift */; };
		EA8590BA29B6A97A002BA6C2 /* ViewController.swift in Sources */ = {isa = PBXBuildFile; fileRef = EA8590B929B6A97A002BA6C2 /* ViewController.swift */; };
		EA8590BD29B6A97A002BA6C2 /* Main.storyboard in Resources */ = {isa = PBXBuildFile; fileRef = EA8590BB29B6A97A002BA6C2 /* Main.storyboard */; };
		EA8590BF29B6A97D002BA6C2 /* Assets.xcassets in Resources */ = {isa = PBXBuildFile; fileRef = EA8590BE29B6A97D002BA6C2 /* Assets.xcassets */; };
		EA8590C229B6A97D002BA6C2 /* LaunchScreen.storyboard in Resources */ = {isa = PBXBuildFile; fileRef = EA8590C029B6A97D002BA6C2 /* LaunchScreen.storyboard */; };
		EA8590CA29C913A8002BA6C2 /* MainTabViewStoryboard.storyboard in Resources */ = {isa = PBXBuildFile; fileRef = EA8590C929C913A8002BA6C2 /* MainTabViewStoryboard.storyboard */; };
		EA8590CE29C917D1002BA6C2 /* Explore.storyboard in Resources */ = {isa = PBXBuildFile; fileRef = EA8590CD29C917D1002BA6C2 /* Explore.storyboard */; };
		EA8590D029C917DF002BA6C2 /* Drawing.storyboard in Resources */ = {isa = PBXBuildFile; fileRef = EA8590CF29C917DF002BA6C2 /* Drawing.storyboard */; };
		EA8590D229C9180E002BA6C2 /* Collage.storyboard in Resources */ = {isa = PBXBuildFile; fileRef = EA8590D129C9180E002BA6C2 /* Collage.storyboard */; };
		EACBE29829D4CDFA00C82AE0 /* Profile.storyboard in Resources */ = {isa = PBXBuildFile; fileRef = EACBE29729D4CDFA00C82AE0 /* Profile.storyboard */; };
		EADF2C6329D76F790048645A /* DrawingUIViewController.swift in Sources */ = {isa = PBXBuildFile; fileRef = EADF2C6229D76D2A0048645A /* DrawingUIViewController.swift */; };
/* End PBXBuildFile section */

/* Begin PBXFileReference section */
		7E7C0F5629DFD29E00D60321 /* ExploreTableViewCell.swift */ = {isa = PBXFileReference; lastKnownFileType = sourcecode.swift; path = ExploreTableViewCell.swift; sourceTree = "<group>"; };
		EA346B4529E0D10500C65C25 /* GoogleService-Info.plist */ = {isa = PBXFileReference; fileEncoding = 4; lastKnownFileType = text.plist.xml; name = "GoogleService-Info.plist"; path = "../../../../Downloads/GoogleService-Info.plist"; sourceTree = "<group>"; };
		EA578B1429D5F64400FDC83C /* ProfileViewController.swift */ = {isa = PBXFileReference; lastKnownFileType = sourcecode.swift; path = ProfileViewController.swift; sourceTree = "<group>"; };
		EA578B1729D5FA3000FDC83C /* ExploreTableViewController.swift */ = {isa = PBXFileReference; lastKnownFileType = sourcecode.swift; path = ExploreTableViewController.swift; sourceTree = "<group>"; };
		EA678B4229DF2FAE008F1336 /* FriendViewController.swift */ = {isa = PBXFileReference; lastKnownFileType = sourcecode.swift; path = FriendViewController.swift; sourceTree = "<group>"; };
		EA7AB09929CE96D300B92216 /* CollageTableViewCell.swift */ = {isa = PBXFileReference; lastKnownFileType = sourcecode.swift; path = CollageTableViewCell.swift; sourceTree = "<group>"; };
		EA7AB09B29CE9B5A00B92216 /* CollageTableViewController.swift */ = {isa = PBXFileReference; lastKnownFileType = sourcecode.swift; path = CollageTableViewController.swift; sourceTree = "<group>"; };
		EA7AB09D29CE9C8E00B92216 /* Collage.swift */ = {isa = PBXFileReference; lastKnownFileType = sourcecode.swift; path = Collage.swift; sourceTree = "<group>"; };
		EA8590B229B6A97A002BA6C2 /* PictureThis.app */ = {isa = PBXFileReference; explicitFileType = wrapper.application; includeInIndex = 0; path = PictureThis.app; sourceTree = BUILT_PRODUCTS_DIR; };
		EA8590B529B6A97A002BA6C2 /* AppDelegate.swift */ = {isa = PBXFileReference; lastKnownFileType = sourcecode.swift; path = AppDelegate.swift; sourceTree = "<group>"; };
		EA8590B729B6A97A002BA6C2 /* SceneDelegate.swift */ = {isa = PBXFileReference; lastKnownFileType = sourcecode.swift; path = SceneDelegate.swift; sourceTree = "<group>"; };
		EA8590B929B6A97A002BA6C2 /* ViewController.swift */ = {isa = PBXFileReference; lastKnownFileType = sourcecode.swift; path = ViewController.swift; sourceTree = "<group>"; };
		EA8590BC29B6A97A002BA6C2 /* Base */ = {isa = PBXFileReference; lastKnownFileType = file.storyboard; name = Base; path = Base.lproj/Main.storyboard; sourceTree = "<group>"; };
		EA8590BE29B6A97D002BA6C2 /* Assets.xcassets */ = {isa = PBXFileReference; lastKnownFileType = folder.assetcatalog; path = Assets.xcassets; sourceTree = "<group>"; };
		EA8590C129B6A97D002BA6C2 /* Base */ = {isa = PBXFileReference; lastKnownFileType = file.storyboard; name = Base; path = Base.lproj/LaunchScreen.storyboard; sourceTree = "<group>"; };
		EA8590C329B6A97D002BA6C2 /* Info.plist */ = {isa = PBXFileReference; lastKnownFileType = text.plist.xml; path = Info.plist; sourceTree = "<group>"; };
		EA8590C929C913A8002BA6C2 /* MainTabViewStoryboard.storyboard */ = {isa = PBXFileReference; lastKnownFileType = file.storyboard; path = MainTabViewStoryboard.storyboard; sourceTree = "<group>"; };
		EA8590CD29C917D1002BA6C2 /* Explore.storyboard */ = {isa = PBXFileReference; lastKnownFileType = file.storyboard; path = Explore.storyboard; sourceTree = "<group>"; };
		EA8590CF29C917DF002BA6C2 /* Drawing.storyboard */ = {isa = PBXFileReference; lastKnownFileType = file.storyboard; path = Drawing.storyboard; sourceTree = "<group>"; };
		EA8590D129C9180E002BA6C2 /* Collage.storyboard */ = {isa = PBXFileReference; lastKnownFileType = file.storyboard; path = Collage.storyboard; sourceTree = "<group>"; };
		EACBE29729D4CDFA00C82AE0 /* Profile.storyboard */ = {isa = PBXFileReference; lastKnownFileType = file.storyboard; path = Profile.storyboard; sourceTree = "<group>"; };
		EADF2C6229D76D2A0048645A /* DrawingUIViewController.swift */ = {isa = PBXFileReference; lastKnownFileType = sourcecode.swift; name = DrawingUIViewController.swift; path = Drawing/DrawingUIViewController.swift; sourceTree = "<group>"; };
/* End PBXFileReference section */

/* Begin PBXFrameworksBuildPhase section */
		EA8590AF29B6A97A002BA6C2 /* Frameworks */ = {
			isa = PBXFrameworksBuildPhase;
			buildActionMask = 2147483647;
			files = (
				7E7C0F4E29DFAC6E00D60321 /* FirebaseDatabase in Frameworks */,
				7E7C0F5029DFAC6E00D60321 /* FirebaseFirestore in Frameworks */,
				7E7C0F4A29DFAC6E00D60321 /* FirebaseAnalytics in Frameworks */,
				7E7C0F5529DFAD5100D60321 /* Nuke in Frameworks */,
				7E7C0F5229DFAC6E00D60321 /* FirebaseStorage in Frameworks */,
				7E7C0F4C29DFAC6E00D60321 /* FirebaseAuth in Frameworks */,
			);
			runOnlyForDeploymentPostprocessing = 0;
		};
/* End PBXFrameworksBuildPhase section */

/* Begin PBXGroup section */
		EA4CF06629D4BB9500636D29 /* Collage */ = {
			isa = PBXGroup;
			children = (
				EA8590D129C9180E002BA6C2 /* Collage.storyboard */,
				EA7AB09929CE96D300B92216 /* CollageTableViewCell.swift */,
				EA7AB09B29CE9B5A00B92216 /* CollageTableViewController.swift */,
				EA7AB09D29CE9C8E00B92216 /* Collage.swift */,
			);
			path = Collage;
			sourceTree = "<group>";
		};
		EA578B1629D5F9BD00FDC83C /* Explore */ = {
			isa = PBXGroup;
			children = (
				EA8590CD29C917D1002BA6C2 /* Explore.storyboard */,
				EA578B1729D5FA3000FDC83C /* ExploreTableViewController.swift */,
				EA678B4229DF2FAE008F1336 /* FriendViewController.swift */,
				7E7C0F5629DFD29E00D60321 /* ExploreTableViewCell.swift */,
			);
			path = Explore;
			sourceTree = "<group>";
		};
		EA8590A929B6A979002BA6C2 = {
			isa = PBXGroup;
			children = (
				EA8590B429B6A97A002BA6C2 /* PictureThis */,
				EA8590B329B6A97A002BA6C2 /* Products */,
			);
			sourceTree = "<group>";
		};
		EA8590B329B6A97A002BA6C2 /* Products */ = {
			isa = PBXGroup;
			children = (
				EA8590B229B6A97A002BA6C2 /* PictureThis.app */,
			);
			name = Products;
			sourceTree = "<group>";
		};
		EA8590B429B6A97A002BA6C2 /* PictureThis */ = {
			isa = PBXGroup;
			children = (
				EA578B1629D5F9BD00FDC83C /* Explore */,
				EACBE29629D4CDD900C82AE0 /* Profile */,
				EA4CF06629D4BB9500636D29 /* Collage */,
				EA8590B529B6A97A002BA6C2 /* AppDelegate.swift */,
				EA8590B729B6A97A002BA6C2 /* SceneDelegate.swift */,
				EA8590B929B6A97A002BA6C2 /* ViewController.swift */,
				EA8590BB29B6A97A002BA6C2 /* Main.storyboard */,
				EA8590BE29B6A97D002BA6C2 /* Assets.xcassets */,
				EA8590C029B6A97D002BA6C2 /* LaunchScreen.storyboard */,
				EA8590C329B6A97D002BA6C2 /* Info.plist */,
				EA8590C929C913A8002BA6C2 /* MainTabViewStoryboard.storyboard */,
				EA8590CF29C917DF002BA6C2 /* Drawing.storyboard */,
				EADF2C6229D76D2A0048645A /* DrawingUIViewController.swift */,
				EA346B4529E0D10500C65C25 /* GoogleService-Info.plist */,
			);
			path = PictureThis;
			sourceTree = "<group>";
		};
		EACBE29629D4CDD900C82AE0 /* Profile */ = {
			isa = PBXGroup;
			children = (
				EACBE29729D4CDFA00C82AE0 /* Profile.storyboard */,
				EA578B1429D5F64400FDC83C /* ProfileViewController.swift */,
			);
			path = Profile;
			sourceTree = "<group>";
		};
/* End PBXGroup section */

/* Begin PBXNativeTarget section */
		EA8590B129B6A97A002BA6C2 /* PictureThis */ = {
			isa = PBXNativeTarget;
			buildConfigurationList = EA8590C629B6A97D002BA6C2 /* Build configuration list for PBXNativeTarget "PictureThis" */;
			buildPhases = (
				EA8590AE29B6A97A002BA6C2 /* Sources */,
				EA8590AF29B6A97A002BA6C2 /* Frameworks */,
				EA8590B029B6A97A002BA6C2 /* Resources */,
			);
			buildRules = (
			);
			dependencies = (
			);
			name = PictureThis;
			packageProductDependencies = (
				7E7C0F4929DFAC6E00D60321 /* FirebaseAnalytics */,
				7E7C0F4B29DFAC6E00D60321 /* FirebaseAuth */,
				7E7C0F4D29DFAC6E00D60321 /* FirebaseDatabase */,
				7E7C0F4F29DFAC6E00D60321 /* FirebaseFirestore */,
				7E7C0F5129DFAC6E00D60321 /* FirebaseStorage */,
				7E7C0F5429DFAD5100D60321 /* Nuke */,
			);
			productName = PictureThis;
			productReference = EA8590B229B6A97A002BA6C2 /* PictureThis.app */;
			productType = "com.apple.product-type.application";
		};
/* End PBXNativeTarget section */

/* Begin PBXProject section */
		EA8590AA29B6A97A002BA6C2 /* Project object */ = {
			isa = PBXProject;
			attributes = {
				BuildIndependentTargetsInParallel = 1;
				LastSwiftUpdateCheck = 1420;
				LastUpgradeCheck = 1420;
				TargetAttributes = {
					EA8590B129B6A97A002BA6C2 = {
						CreatedOnToolsVersion = 14.2;
					};
				};
			};
			buildConfigurationList = EA8590AD29B6A97A002BA6C2 /* Build configuration list for PBXProject "PictureThis" */;
			compatibilityVersion = "Xcode 14.0";
			developmentRegion = en;
			hasScannedForEncodings = 0;
			knownRegions = (
				en,
				Base,
			);
			mainGroup = EA8590A929B6A979002BA6C2;
			packageReferences = (
				7E7C0F4829DFAC6E00D60321 /* XCRemoteSwiftPackageReference "firebase-ios-sdk" */,
				7E7C0F5329DFAD5100D60321 /* XCRemoteSwiftPackageReference "Nuke" */,
			);
			productRefGroup = EA8590B329B6A97A002BA6C2 /* Products */;
			projectDirPath = "";
			projectRoot = "";
			targets = (
				EA8590B129B6A97A002BA6C2 /* PictureThis */,
			);
		};
/* End PBXProject section */

/* Begin PBXResourcesBuildPhase section */
		EA8590B029B6A97A002BA6C2 /* Resources */ = {
			isa = PBXResourcesBuildPhase;
			buildActionMask = 2147483647;
			files = (
				EA8590D229C9180E002BA6C2 /* Collage.storyboard in Resources */,
				EA8590C229B6A97D002BA6C2 /* LaunchScreen.storyboard in Resources */,
				EACBE29829D4CDFA00C82AE0 /* Profile.storyboard in Resources */,
				EA8590BF29B6A97D002BA6C2 /* Assets.xcassets in Resources */,
				EA8590CA29C913A8002BA6C2 /* MainTabViewStoryboard.storyboard in Resources */,
				EA8590BD29B6A97A002BA6C2 /* Main.storyboard in Resources */,
				EA346B4629E0D10500C65C25 /* GoogleService-Info.plist in Resources */,
				EA8590CE29C917D1002BA6C2 /* Explore.storyboard in Resources */,
				EA8590D029C917DF002BA6C2 /* Drawing.storyboard in Resources */,
			);
			runOnlyForDeploymentPostprocessing = 0;
		};
/* End PBXResourcesBuildPhase section */

/* Begin PBXSourcesBuildPhase section */
		EA8590AE29B6A97A002BA6C2 /* Sources */ = {
			isa = PBXSourcesBuildPhase;
			buildActionMask = 2147483647;
			files = (
				7E7C0F5729DFD29E00D60321 /* ExploreTableViewCell.swift in Sources */,
				EA8590BA29B6A97A002BA6C2 /* ViewController.swift in Sources */,
				EA7AB09E29CE9C8E00B92216 /* Collage.swift in Sources */,
				EA8590B629B6A97A002BA6C2 /* AppDelegate.swift in Sources */,
				EADF2C6329D76F790048645A /* DrawingUIViewController.swift in Sources */,
				EA678B4329DF2FAE008F1336 /* FriendViewController.swift in Sources */,
				EA578B1829D5FA3000FDC83C /* ExploreTableViewController.swift in Sources */,
				EA7AB09C29CE9B5A00B92216 /* CollageTableViewController.swift in Sources */,
				EA8590B829B6A97A002BA6C2 /* SceneDelegate.swift in Sources */,
				EA578B1529D5F64400FDC83C /* ProfileViewController.swift in Sources */,
				EA7AB09A29CE96D300B92216 /* CollageTableViewCell.swift in Sources */,
			);
			runOnlyForDeploymentPostprocessing = 0;
		};
/* End PBXSourcesBuildPhase section */

/* Begin PBXVariantGroup section */
		EA8590BB29B6A97A002BA6C2 /* Main.storyboard */ = {
			isa = PBXVariantGroup;
			children = (
				EA8590BC29B6A97A002BA6C2 /* Base */,
			);
			name = Main.storyboard;
			sourceTree = "<group>";
		};
		EA8590C029B6A97D002BA6C2 /* LaunchScreen.storyboard */ = {
			isa = PBXVariantGroup;
			children = (
				EA8590C129B6A97D002BA6C2 /* Base */,
			);
			name = LaunchScreen.storyboard;
			sourceTree = "<group>";
		};
/* End PBXVariantGroup section */

/* Begin XCBuildConfiguration section */
		EA8590C429B6A97D002BA6C2 /* Debug */ = {
			isa = XCBuildConfiguration;
			buildSettings = {
				ALWAYS_SEARCH_USER_PATHS = NO;
				CLANG_ANALYZER_NONNULL = YES;
				CLANG_ANALYZER_NUMBER_OBJECT_CONVERSION = YES_AGGRESSIVE;
				CLANG_CXX_LANGUAGE_STANDARD = "gnu++20";
				CLANG_ENABLE_MODULES = YES;
				CLANG_ENABLE_OBJC_ARC = YES;
				CLANG_ENABLE_OBJC_WEAK = YES;
				CLANG_WARN_BLOCK_CAPTURE_AUTORELEASING = YES;
				CLANG_WARN_BOOL_CONVERSION = YES;
				CLANG_WARN_COMMA = YES;
				CLANG_WARN_CONSTANT_CONVERSION = YES;
				CLANG_WARN_DEPRECATED_OBJC_IMPLEMENTATIONS = YES;
				CLANG_WARN_DIRECT_OBJC_ISA_USAGE = YES_ERROR;
				CLANG_WARN_DOCUMENTATION_COMMENTS = YES;
				CLANG_WARN_EMPTY_BODY = YES;
				CLANG_WARN_ENUM_CONVERSION = YES;
				CLANG_WARN_INFINITE_RECURSION = YES;
				CLANG_WARN_INT_CONVERSION = YES;
				CLANG_WARN_NON_LITERAL_NULL_CONVERSION = YES;
				CLANG_WARN_OBJC_IMPLICIT_RETAIN_SELF = YES;
				CLANG_WARN_OBJC_LITERAL_CONVERSION = YES;
				CLANG_WARN_OBJC_ROOT_CLASS = YES_ERROR;
				CLANG_WARN_QUOTED_INCLUDE_IN_FRAMEWORK_HEADER = YES;
				CLANG_WARN_RANGE_LOOP_ANALYSIS = YES;
				CLANG_WARN_STRICT_PROTOTYPES = YES;
				CLANG_WARN_SUSPICIOUS_MOVE = YES;
				CLANG_WARN_UNGUARDED_AVAILABILITY = YES_AGGRESSIVE;
				CLANG_WARN_UNREACHABLE_CODE = YES;
				CLANG_WARN__DUPLICATE_METHOD_MATCH = YES;
				COPY_PHASE_STRIP = NO;
				DEBUG_INFORMATION_FORMAT = dwarf;
				ENABLE_STRICT_OBJC_MSGSEND = YES;
				ENABLE_TESTABILITY = YES;
				GCC_C_LANGUAGE_STANDARD = gnu11;
				GCC_DYNAMIC_NO_PIC = NO;
				GCC_NO_COMMON_BLOCKS = YES;
				GCC_OPTIMIZATION_LEVEL = 0;
				GCC_PREPROCESSOR_DEFINITIONS = (
					"DEBUG=1",
					"$(inherited)",
				);
				GCC_WARN_64_TO_32_BIT_CONVERSION = YES;
				GCC_WARN_ABOUT_RETURN_TYPE = YES_ERROR;
				GCC_WARN_UNDECLARED_SELECTOR = YES;
				GCC_WARN_UNINITIALIZED_AUTOS = YES_AGGRESSIVE;
				GCC_WARN_UNUSED_FUNCTION = YES;
				GCC_WARN_UNUSED_VARIABLE = YES;
				IPHONEOS_DEPLOYMENT_TARGET = 16.2;
				MTL_ENABLE_DEBUG_INFO = INCLUDE_SOURCE;
				MTL_FAST_MATH = YES;
				ONLY_ACTIVE_ARCH = YES;
				SDKROOT = iphoneos;
				SWIFT_ACTIVE_COMPILATION_CONDITIONS = DEBUG;
				SWIFT_OPTIMIZATION_LEVEL = "-Onone";
			};
			name = Debug;
		};
		EA8590C529B6A97D002BA6C2 /* Release */ = {
			isa = XCBuildConfiguration;
			buildSettings = {
				ALWAYS_SEARCH_USER_PATHS = NO;
				CLANG_ANALYZER_NONNULL = YES;
				CLANG_ANALYZER_NUMBER_OBJECT_CONVERSION = YES_AGGRESSIVE;
				CLANG_CXX_LANGUAGE_STANDARD = "gnu++20";
				CLANG_ENABLE_MODULES = YES;
				CLANG_ENABLE_OBJC_ARC = YES;
				CLANG_ENABLE_OBJC_WEAK = YES;
				CLANG_WARN_BLOCK_CAPTURE_AUTORELEASING = YES;
				CLANG_WARN_BOOL_CONVERSION = YES;
				CLANG_WARN_COMMA = YES;
				CLANG_WARN_CONSTANT_CONVERSION = YES;
				CLANG_WARN_DEPRECATED_OBJC_IMPLEMENTATIONS = YES;
				CLANG_WARN_DIRECT_OBJC_ISA_USAGE = YES_ERROR;
				CLANG_WARN_DOCUMENTATION_COMMENTS = YES;
				CLANG_WARN_EMPTY_BODY = YES;
				CLANG_WARN_ENUM_CONVERSION = YES;
				CLANG_WARN_INFINITE_RECURSION = YES;
				CLANG_WARN_INT_CONVERSION = YES;
				CLANG_WARN_NON_LITERAL_NULL_CONVERSION = YES;
				CLANG_WARN_OBJC_IMPLICIT_RETAIN_SELF = YES;
				CLANG_WARN_OBJC_LITERAL_CONVERSION = YES;
				CLANG_WARN_OBJC_ROOT_CLASS = YES_ERROR;
				CLANG_WARN_QUOTED_INCLUDE_IN_FRAMEWORK_HEADER = YES;
				CLANG_WARN_RANGE_LOOP_ANALYSIS = YES;
				CLANG_WARN_STRICT_PROTOTYPES = YES;
				CLANG_WARN_SUSPICIOUS_MOVE = YES;
				CLANG_WARN_UNGUARDED_AVAILABILITY = YES_AGGRESSIVE;
				CLANG_WARN_UNREACHABLE_CODE = YES;
				CLANG_WARN__DUPLICATE_METHOD_MATCH = YES;
				COPY_PHASE_STRIP = NO;
				DEBUG_INFORMATION_FORMAT = "dwarf-with-dsym";
				ENABLE_NS_ASSERTIONS = NO;
				ENABLE_STRICT_OBJC_MSGSEND = YES;
				GCC_C_LANGUAGE_STANDARD = gnu11;
				GCC_NO_COMMON_BLOCKS = YES;
				GCC_WARN_64_TO_32_BIT_CONVERSION = YES;
				GCC_WARN_ABOUT_RETURN_TYPE = YES_ERROR;
				GCC_WARN_UNDECLARED_SELECTOR = YES;
				GCC_WARN_UNINITIALIZED_AUTOS = YES_AGGRESSIVE;
				GCC_WARN_UNUSED_FUNCTION = YES;
				GCC_WARN_UNUSED_VARIABLE = YES;
				IPHONEOS_DEPLOYMENT_TARGET = 16.2;
				MTL_ENABLE_DEBUG_INFO = NO;
				MTL_FAST_MATH = YES;
				SDKROOT = iphoneos;
				SWIFT_COMPILATION_MODE = wholemodule;
				SWIFT_OPTIMIZATION_LEVEL = "-O";
				VALIDATE_PRODUCT = YES;
			};
			name = Release;
		};
		EA8590C729B6A97D002BA6C2 /* Debug */ = {
			isa = XCBuildConfiguration;
			buildSettings = {
				ASSETCATALOG_COMPILER_APPICON_NAME = AppIcon;
				ASSETCATALOG_COMPILER_GLOBAL_ACCENT_COLOR_NAME = AccentColor;
				CODE_SIGN_STYLE = Automatic;
				CURRENT_PROJECT_VERSION = 1;
				GENERATE_INFOPLIST_FILE = YES;
				INFOPLIST_FILE = PictureThis/Info.plist;
				INFOPLIST_KEY_CFBundleDisplayName = "Picture This";
				INFOPLIST_KEY_UIApplicationSupportsIndirectInputEvents = YES;
				INFOPLIST_KEY_UILaunchStoryboardName = LaunchScreen;
				INFOPLIST_KEY_UIMainStoryboardFile = Main;
				INFOPLIST_KEY_UISupportedInterfaceOrientations = UIInterfaceOrientationPortrait;
				INFOPLIST_KEY_UISupportedInterfaceOrientations_iPad = "UIInterfaceOrientationLandscapeLeft UIInterfaceOrientationLandscapeRight UIInterfaceOrientationPortrait UIInterfaceOrientationPortraitUpsideDown";
				LD_RUNPATH_SEARCH_PATHS = (
					"$(inherited)",
					"@executable_path/Frameworks",
				);
				MARKETING_VERSION = 1.0;
				PRODUCT_BUNDLE_IDENTIFIER = com.badhHarjyot99.PictureThis;
				PRODUCT_NAME = "$(TARGET_NAME)";
				SWIFT_EMIT_LOC_STRINGS = YES;
				SWIFT_VERSION = 5.0;
				TARGETED_DEVICE_FAMILY = "1,2";
			};
			name = Debug;
		};
		EA8590C829B6A97D002BA6C2 /* Release */ = {
			isa = XCBuildConfiguration;
			buildSettings = {
				ASSETCATALOG_COMPILER_APPICON_NAME = AppIcon;
				ASSETCATALOG_COMPILER_GLOBAL_ACCENT_COLOR_NAME = AccentColor;
				CODE_SIGN_STYLE = Automatic;
				CURRENT_PROJECT_VERSION = 1;
				GENERATE_INFOPLIST_FILE = YES;
				INFOPLIST_FILE = PictureThis/Info.plist;
				INFOPLIST_KEY_CFBundleDisplayName = "Picture This";
				INFOPLIST_KEY_UIApplicationSupportsIndirectInputEvents = YES;
				INFOPLIST_KEY_UILaunchStoryboardName = LaunchScreen;
				INFOPLIST_KEY_UIMainStoryboardFile = Main;
				INFOPLIST_KEY_UISupportedInterfaceOrientations = UIInterfaceOrientationPortrait;
				INFOPLIST_KEY_UISupportedInterfaceOrientations_iPad = "UIInterfaceOrientationLandscapeLeft UIInterfaceOrientationLandscapeRight UIInterfaceOrientationPortrait UIInterfaceOrientationPortraitUpsideDown";
				LD_RUNPATH_SEARCH_PATHS = (
					"$(inherited)",
					"@executable_path/Frameworks",
				);
				MARKETING_VERSION = 1.0;
				PRODUCT_BUNDLE_IDENTIFIER = com.badhHarjyot99.PictureThis;
				PRODUCT_NAME = "$(TARGET_NAME)";
				SWIFT_EMIT_LOC_STRINGS = YES;
				SWIFT_VERSION = 5.0;
				TARGETED_DEVICE_FAMILY = "1,2";
			};
			name = Release;
		};
/* End XCBuildConfiguration section */

/* Begin XCConfigurationList section */
		EA8590AD29B6A97A002BA6C2 /* Build configuration list for PBXProject "PictureThis" */ = {
			isa = XCConfigurationList;
			buildConfigurations = (
				EA8590C429B6A97D002BA6C2 /* Debug */,
				EA8590C529B6A97D002BA6C2 /* Release */,
			);
			defaultConfigurationIsVisible = 0;
			defaultConfigurationName = Release;
		};
		EA8590C629B6A97D002BA6C2 /* Build configuration list for PBXNativeTarget "PictureThis" */ = {
			isa = XCConfigurationList;
			buildConfigurations = (
				EA8590C729B6A97D002BA6C2 /* Debug */,
				EA8590C829B6A97D002BA6C2 /* Release */,
			);
			defaultConfigurationIsVisible = 0;
			defaultConfigurationName = Release;
		};
/* End XCConfigurationList section */

/* Begin XCRemoteSwiftPackageReference section */
		7E7C0F4829DFAC6E00D60321 /* XCRemoteSwiftPackageReference "firebase-ios-sdk" */ = {
			isa = XCRemoteSwiftPackageReference;
			repositoryURL = "https://github.com/firebase/firebase-ios-sdk";
			requirement = {
				kind = upToNextMajorVersion;
				minimumVersion = 9.0.0;
			};
		};
		7E7C0F5329DFAD5100D60321 /* XCRemoteSwiftPackageReference "Nuke" */ = {
			isa = XCRemoteSwiftPackageReference;
			repositoryURL = "https://github.com/kean/Nuke";
			requirement = {
				kind = upToNextMajorVersion;
				minimumVersion = 9.0.0;
			};
		};
/* End XCRemoteSwiftPackageReference section */

/* Begin XCSwiftPackageProductDependency section */
		7E7C0F4929DFAC6E00D60321 /* FirebaseAnalytics */ = {
			isa = XCSwiftPackageProductDependency;
			package = 7E7C0F4829DFAC6E00D60321 /* XCRemoteSwiftPackageReference "firebase-ios-sdk" */;
			productName = FirebaseAnalytics;
		};
		7E7C0F4B29DFAC6E00D60321 /* FirebaseAuth */ = {
			isa = XCSwiftPackageProductDependency;
			package = 7E7C0F4829DFAC6E00D60321 /* XCRemoteSwiftPackageReference "firebase-ios-sdk" */;
			productName = FirebaseAuth;
		};
		7E7C0F4D29DFAC6E00D60321 /* FirebaseDatabase */ = {
			isa = XCSwiftPackageProductDependency;
			package = 7E7C0F4829DFAC6E00D60321 /* XCRemoteSwiftPackageReference "firebase-ios-sdk" */;
			productName = FirebaseDatabase;
		};
		7E7C0F4F29DFAC6E00D60321 /* FirebaseFirestore */ = {
			isa = XCSwiftPackageProductDependency;
			package = 7E7C0F4829DFAC6E00D60321 /* XCRemoteSwiftPackageReference "firebase-ios-sdk" */;
			productName = FirebaseFirestore;
		};
		7E7C0F5129DFAC6E00D60321 /* FirebaseStorage */ = {
			isa = XCSwiftPackageProductDependency;
			package = 7E7C0F4829DFAC6E00D60321 /* XCRemoteSwiftPackageReference "firebase-ios-sdk" */;
			productName = FirebaseStorage;
		};
		7E7C0F5429DFAD5100D60321 /* Nuke */ = {
			isa = XCSwiftPackageProductDependency;
			package = 7E7C0F5329DFAD5100D60321 /* XCRemoteSwiftPackageReference "Nuke" */;
			productName = Nuke;
		};
/* End XCSwiftPackageProductDependency section */
	};
	rootObject = EA8590AA29B6A97A002BA6C2 /* Project object */;
}
